
Microsoft Visual Studio Solution File, Format Version 12.00
# Visual Studio Version 17
VisualStudioVersion = 17.7.34221.43
MinimumVisualStudioVersion = 10.0.40219.1
Project("{9A19103F-16F7-4668-BE54-9A1E7A4F7556}") = "UOTDBot", "UOTDBot\UOTDBot.csproj", "{A7B8A309-6144-465F-B0FF-60418E4E888B}"
EndProject
Project("{2150E333-8FDC-42A3-9474-1A3956D46DE8}") = "Položky řešení", "Položky řešení", "{9E17F9C3-8D26-485B-AED8-96383174F8D8}"
	ProjectSection(SolutionItems) = preProject
		.editorconfig = .editorconfig
		.gitignore = .gitignore
	EndProjectSection
EndProject
Project("{9A19103F-16F7-4668-BE54-9A1E7A4F7556}") = "UOTDBot.Tests", "UOTDBot.Tests\UOTDBot.Tests.csproj", "{452903B5-B87C-4E9E-AF14-344ADEA7AF92}"
EndProject
Project("{E53339B2-1760-4266-BCC7-CA923CBCF16C}") = "docker-compose", "docker-compose.dcproj", "{81DDED9D-158B-E303-5F62-77A2896D2A5A}"
EndProject
Project("{FAE04EC0-301F-11D3-BF4B-00C04F79EFBC}") = "ExportData", "ExportData\ExportData.csproj", "{0F73C0CC-8EB4-4C46-95BE-01AC58789063}"
EndProject
Global
	GlobalSection(SolutionConfigurationPlatforms) = preSolution
		Debug|Any CPU = Debug|Any CPU
		Release|Any CPU = Release|Any CPU
	EndGlobalSection
	GlobalSection(ProjectConfigurationPlatforms) = postSolution
		{A7B8A309-6144-465F-B0FF-60418E4E888B}.Debug|Any CPU.ActiveCfg = Debug|Any CPU
		{A7B8A309-6144-465F-B0FF-60418E4E888B}.Debug|Any CPU.Build.0 = Debug|Any CPU
		{A7B8A309-6144-465F-B0FF-60418E4E888B}.Release|Any CPU.ActiveCfg = Release|Any CPU
		{A7B8A309-6144-465F-B0FF-60418E4E888B}.Release|Any CPU.Build.0 = Release|Any CPU
		{452903B5-B87C-4E9E-AF14-344ADEA7AF92}.Debug|Any CPU.ActiveCfg = Debug|Any CPU
		{452903B5-B87C-4E9E-AF14-344ADEA7AF92}.Debug|Any CPU.Build.0 = Debug|Any CPU
		{452903B5-B87C-4E9E-AF14-344ADEA7AF92}.Release|Any CPU.ActiveCfg = Release|Any CPU
		{452903B5-B87C-4E9E-AF14-344ADEA7AF92}.Release|Any CPU.Build.0 = Release|Any CPU
		{81DDED9D-158B-E303-5F62-77A2896D2A5A}.Debug|Any CPU.ActiveCfg = Debug|Any CPU
		{81DDED9D-158B-E303-5F62-77A2896D2A5A}.Debug|Any CPU.Build.0 = Debug|Any CPU
		{81DDED9D-158B-E303-5F62-77A2896D2A5A}.Release|Any CPU.ActiveCfg = Release|Any CPU
		{81DDED9D-158B-E303-5F62-77A2896D2A5A}.Release|Any CPU.Build.0 = Release|Any CPU
		{0F73C0CC-8EB4-4C46-95BE-01AC58789063}.Debug|Any CPU.ActiveCfg = Debug|Any CPU
		{0F73C0CC-8EB4-4C46-95BE-01AC58789063}.Debug|Any CPU.Build.0 = Debug|Any CPU
		{0F73C0CC-8EB4-4C46-95BE-01AC58789063}.Release|Any CPU.ActiveCfg = Release|Any CPU
		{0F73C0CC-8EB4-4C46-95BE-01AC58789063}.Release|Any CPU.Build.0 = Release|Any CPU
	EndGlobalSection
	GlobalSection(SolutionProperties) = preSolution
		HideSolutionNode = FALSE
	EndGlobalSection
	GlobalSection(ExtensibilityGlobals) = postSolution
		SolutionGuid = {7C3E9178-315C-40CA-B303-2D3533192C53}
	EndGlobalSection
EndGlobal
